{
  "nodes": {
    "flake-utils": {
      "inputs": {
        "systems": "systems"
      },
      "locked": {
        "lastModified": 1689068808,
        "narHash": "sha256-6ixXo3wt24N/melDWjq70UuHQLxGV8jZvooRanIHXw0=",
        "owner": "numtide",
        "repo": "flake-utils",
        "rev": "919d646de7be200f3bf08cb76ae1f09402b6f9b4",
        "type": "github"
      },
      "original": {
        "owner": "numtide",
        "repo": "flake-utils",
        "type": "github"
      }
    },
    "mdbook-catppuccin": {
      "inputs": {
        "nixpkgs": [
          "nixpkgs-mdbook"
        ]
      },
      "locked": {
        "lastModified": 1696370683,
        "narHash": "sha256-C8HgZdW9FGcvcPIu5qajqtJU2UKSN5K1WATLrh7ar/I=",
        "owner": "catppuccin",
        "repo": "mdBook",
        "rev": "752d71b0973b4d1361086b6ec9c5b8e08e1e8f52",
        "type": "github"
      },
      "original": {
        "owner": "catppuccin",
        "ref": "v1.2.0",
        "repo": "mdBook",
        "type": "github"
      }
    },
    "nixpkgs": {
      "locked": {
        "lastModified": 1758690382,
        "narHash": "sha256-NY3kSorgqE5LMm1LqNwGne3ZLMF2/ILgLpFr1fS4X3o=",
        "owner": "NixOS",
        "repo": "nixpkgs",
        "rev": "e643668fd71b949c53f8626614b21ff71a07379d",
        "type": "github"
      },
      "original": {
        "owner": "NixOS",
        "ref": "nixos-unstable",
        "repo": "nixpkgs",
        "type": "github"
      }
    },
    "nixpkgs-mdbook": {
      "locked": {
        "lastModified": 1696526028,
        "narHash": "sha256-Psqo4j/KNvpk45MKscqdYk/N5lmrLKIV8x4ednfiqnY=",
        "owner": "NixOS",
        "repo": "nixpkgs",
        "rev": "7fdd1421774a52277fb56d64b26aaf7765e1b3fa",
        "type": "github"
      },
      "original": {
        "owner": "NixOS",
        "repo": "nixpkgs",
        "rev": "7fdd1421774a52277fb56d64b26aaf7765e1b3fa",
        "type": "github"
      }
    },
    "root": {
      "inputs": {
        "flake-utils": "flake-utils",
        "mdbook-catppuccin": "mdbook-catppuccin",
        "nixpkgs": "nixpkgs",
        "nixpkgs-mdbook": "nixpkgs-mdbook"
      }
    },
    "systems": {
      "locked": {
        "lastModified": 1681028828,
        "narHash": "sha256-Vy1rq5AaRuLzOxct8nz4T6wlgyUR7zLU309k9mBC768=",
        "owner": "nix-systems",
        "repo": "default",
        "rev": "da67096a3b9bf56a91d16901293e51ba5b49a27e",
        "type": "github"
      },
      "original": {
        "owner": "nix-systems",
        "repo": "default",
        "type": "github"
      }
    }
  },
  "root": "root",
  "version": 7
}
